
Microsoft Visual Studio Solution File, Format Version 12.00
# Visual Studio Version 17
VisualStudioVersion = 17.3.32929.385
MinimumVisualStudioVersion = 10.0.40219.1
Project("{9A19103F-16F7-4668-BE54-9A1E7A4F7556}") = "Breadr", "Breadr\Breadr.csproj", "{42310CE6-5527-4204-97F8-97777BFEEE4F}"
EndProject
Project("{9A19103F-16F7-4668-BE54-9A1E7A4F7556}") = "DataAccess", "DataAccess\DataAccess.csproj", "{98E1D06B-19A9-4981-8704-FB5B2675B1DA}"
EndProject
Project("{9A19103F-16F7-4668-BE54-9A1E7A4F7556}") = "Service", "Service\Service.csproj", "{6F693594-4A96-4CBC-B0BC-4963ACD7DEDD}"
EndProject
Global
	GlobalSection(SolutionConfigurationPlatforms) = preSolution
		Debug|Any CPU = Debug|Any CPU
		Release|Any CPU = Release|Any CPU
	EndGlobalSection
	GlobalSection(ProjectConfigurationPlatforms) = postSolution
		{42310CE6-5527-4204-97F8-97777BFEEE4F}.Debug|Any CPU.ActiveCfg = Debug|Any CPU
		{42310CE6-5527-4204-97F8-97777BFEEE4F}.Debug|Any CPU.Build.0 = Debug|Any CPU
		{42310CE6-5527-4204-97F8-97777BFEEE4F}.Release|Any CPU.ActiveCfg = Release|Any CPU
		{42310CE6-5527-4204-97F8-97777BFEEE4F}.Release|Any CPU.Build.0 = Release|Any CPU
		{98E1D06B-19A9-4981-8704-FB5B2675B1DA}.Debug|Any CPU.ActiveCfg = Debug|Any CPU
		{98E1D06B-19A9-4981-8704-FB5B2675B1DA}.Debug|Any CPU.Build.0 = Debug|Any CPU
		{98E1D06B-19A9-4981-8704-FB5B2675B1DA}.Release|Any CPU.ActiveCfg = Release|Any CPU
		{98E1D06B-19A9-4981-8704-FB5B2675B1DA}.Release|Any CPU.Build.0 = Release|Any CPU
		{6F693594-4A96-4CBC-B0BC-4963ACD7DEDD}.Debug|Any CPU.ActiveCfg = Debug|Any CPU
		{6F693594-4A96-4CBC-B0BC-4963ACD7DEDD}.Debug|Any CPU.Build.0 = Debug|Any CPU
		{6F693594-4A96-4CBC-B0BC-4963ACD7DEDD}.Release|Any CPU.ActiveCfg = Release|Any CPU
		{6F693594-4A96-4CBC-B0BC-4963ACD7DEDD}.Release|Any CPU.Build.0 = Release|Any CPU
	EndGlobalSection
	GlobalSection(SolutionProperties) = preSolution
		HideSolutionNode = FALSE
	EndGlobalSection
	GlobalSection(ExtensibilityGlobals) = postSolution
		SolutionGuid = {B0941C08-51A6-42EA-98F8-EE167E489477}
	EndGlobalSection
EndGlobal
