
Microsoft Visual Studio Solution File, Format Version 12.00
# Visual Studio Version 17
VisualStudioVersion = 17.3.32929.385
MinimumVisualStudioVersion = 10.0.40219.1
Project("{9A19103F-16F7-4668-BE54-9A1E7A4F7556}") = "Breadr", "Breadr\Breadr.csproj", "{42310CE6-5527-4204-97F8-97777BFEEE4F}"
EndProject
Project("{9A19103F-16F7-4668-BE54-9A1E7A4F7556}") = "Breadr.DataAccess", "DataAccess\Breadr.DataAccess.csproj", "{98E1D06B-19A9-4981-8704-FB5B2675B1DA}"
EndProject
Project("{9A19103F-16F7-4668-BE54-9A1E7A4F7556}") = "Breadr.Service", "Service\Breadr.Service.csproj", "{6F693594-4A96-4CBC-B0BC-4963ACD7DEDD}"
EndProject
Project("{9A19103F-16F7-4668-BE54-9A1E7A4F7556}") = "Breadr.Core", "Breadr.Core\Breadr.Core.csproj", "{5AB2DD46-D36D-41A4-A68C-C9C0DAD23D69}"
EndProject
Project("{E53339B2-1760-4266-BCC7-CA923CBCF16C}") = "docker-compose", "docker-compose.dcproj", "{7EFC117A-D7A4-45DD-B66D-803E15C56D2D}"
EndProject
Global
	GlobalSection(SolutionConfigurationPlatforms) = preSolution
		Debug|Any CPU = Debug|Any CPU
		Release|Any CPU = Release|Any CPU
	EndGlobalSection
	GlobalSection(ProjectConfigurationPlatforms) = postSolution
		{42310CE6-5527-4204-97F8-97777BFEEE4F}.Debug|Any CPU.ActiveCfg = Debug|Any CPU
		{42310CE6-5527-4204-97F8-97777BFEEE4F}.Debug|Any CPU.Build.0 = Debug|Any CPU
		{42310CE6-5527-4204-97F8-97777BFEEE4F}.Release|Any CPU.ActiveCfg = Release|Any CPU
		{42310CE6-5527-4204-97F8-97777BFEEE4F}.Release|Any CPU.Build.0 = Release|Any CPU
		{98E1D06B-19A9-4981-8704-FB5B2675B1DA}.Debug|Any CPU.ActiveCfg = Debug|Any CPU
		{98E1D06B-19A9-4981-8704-FB5B2675B1DA}.Debug|Any CPU.Build.0 = Debug|Any CPU
		{98E1D06B-19A9-4981-8704-FB5B2675B1DA}.Release|Any CPU.ActiveCfg = Release|Any CPU
		{98E1D06B-19A9-4981-8704-FB5B2675B1DA}.Release|Any CPU.Build.0 = Release|Any CPU
		{6F693594-4A96-4CBC-B0BC-4963ACD7DEDD}.Debug|Any CPU.ActiveCfg = Debug|Any CPU
		{6F693594-4A96-4CBC-B0BC-4963ACD7DEDD}.Debug|Any CPU.Build.0 = Debug|Any CPU
		{6F693594-4A96-4CBC-B0BC-4963ACD7DEDD}.Release|Any CPU.ActiveCfg = Release|Any CPU
		{6F693594-4A96-4CBC-B0BC-4963ACD7DEDD}.Release|Any CPU.Build.0 = Release|Any CPU
		{5AB2DD46-D36D-41A4-A68C-C9C0DAD23D69}.Debug|Any CPU.ActiveCfg = Debug|Any CPU
		{5AB2DD46-D36D-41A4-A68C-C9C0DAD23D69}.Debug|Any CPU.Build.0 = Debug|Any CPU
		{5AB2DD46-D36D-41A4-A68C-C9C0DAD23D69}.Release|Any CPU.ActiveCfg = Release|Any CPU
		{5AB2DD46-D36D-41A4-A68C-C9C0DAD23D69}.Release|Any CPU.Build.0 = Release|Any CPU
		{7EFC117A-D7A4-45DD-B66D-803E15C56D2D}.Debug|Any CPU.ActiveCfg = Debug|Any CPU
		{7EFC117A-D7A4-45DD-B66D-803E15C56D2D}.Debug|Any CPU.Build.0 = Debug|Any CPU
		{7EFC117A-D7A4-45DD-B66D-803E15C56D2D}.Release|Any CPU.ActiveCfg = Release|Any CPU
		{7EFC117A-D7A4-45DD-B66D-803E15C56D2D}.Release|Any CPU.Build.0 = Release|Any CPU
	EndGlobalSection
	GlobalSection(SolutionProperties) = preSolution
		HideSolutionNode = FALSE
	EndGlobalSection
	GlobalSection(ExtensibilityGlobals) = postSolution
		SolutionGuid = {B0941C08-51A6-42EA-98F8-EE167E489477}
	EndGlobalSection
EndGlobal
